Microsoft Visual Studio Solution File, Format Version 11.00
# Visual Studio 2010
Project("{8BC9CEB8-8B4A-11D0-8D11-00A0C91BC942}") = "ProcComs", "ProcComs\ProcComs.vcxproj", "{29548EB7-5E44-21F9-5C82-15DDDC80449A}"
EndProject
Project("{8BC9CEB8-8B4A-11D0-8D11-00A0C91BC942}") = "RemCom", "RemCom.vcxproj", "{8CC59FFA-00E0-0AEA-59E8-E780672C3CB3}"
	ProjectSection(ProjectDependencies) = postProject
		{29548EB7-5E44-21F9-5C82-15DDDC80449A} = {29548EB7-5E44-21F9-5C82-15DDDC80449A}
	EndProjectSection
EndProject
Project("{8BC9CEB8-8B4A-11D0-8D11-00A0C91BC942}") = "RemComSvc", "RemComSvc\RemComSvc.vcxproj", "{C7038612-8183-67A7-8A9C-1379C2674156}"
EndProject
Global
	GlobalSection(SolutionConfigurationPlatforms) = preSolution
		Debug|Win32 = Debug|Win32
		Release|Win32 = Release|Win32
	EndGlobalSection
	GlobalSection(ProjectConfigurationPlatforms) = postSolution
		{29548EB7-5E44-21F9-5C82-15DDDC80449A}.Debug|Win32.ActiveCfg = Debug|Win32
		{29548EB7-5E44-21F9-5C82-15DDDC80449A}.Debug|Win32.Build.0 = Debug|Win32
		{29548EB7-5E44-21F9-5C82-15DDDC80449A}.Release|Win32.ActiveCfg = Release|Win32
		{29548EB7-5E44-21F9-5C82-15DDDC80449A}.Release|Win32.Build.0 = Release|Win32
		{8CC59FFA-00E0-0AEA-59E8-E780672C3CB3}.Debug|Win32.ActiveCfg = Debug|Win32
		{8CC59FFA-00E0-0AEA-59E8-E780672C3CB3}.Debug|Win32.Build.0 = Debug|Win32
		{8CC59FFA-00E0-0AEA-59E8-E780672C3CB3}.Release|Win32.ActiveCfg = Release|Win32
		{8CC59FFA-00E0-0AEA-59E8-E780672C3CB3}.Release|Win32.Build.0 = Release|Win32
		{C7038612-8183-67A7-8A9C-1379C2674156}.Debug|Win32.ActiveCfg = Debug|Win32
		{C7038612-8183-67A7-8A9C-1379C2674156}.Debug|Win32.Build.0 = Debug|Win32
		{C7038612-8183-67A7-8A9C-1379C2674156}.Release|Win32.ActiveCfg = Release|Win32
		{C7038612-8183-67A7-8A9C-1379C2674156}.Release|Win32.Build.0 = Release|Win32
	EndGlobalSection
	GlobalSection(SolutionProperties) = preSolution
		HideSolutionNode = FALSE
	EndGlobalSection
EndGlobal
